
Microsoft Visual Studio Solution File, Format Version 12.00
# Visual Studio Version 17
VisualStudioVersion = 17.9.34622.214
MinimumVisualStudioVersion = 10.0.40219.1
Project("{FAE04EC0-301F-11D3-BF4B-00C04F79EFBC}") = "Delegate", "Delegate\Delegate.csproj", "{DAE0238E-4F27-4835-BA43-30571EF262A0}"
EndProject
Project("{FAE04EC0-301F-11D3-BF4B-00C04F79EFBC}") = "Generics", "Generics\Generics.csproj", "{9CAD927E-DD06-47C0-9C28-64FCFED75F31}"
EndProject
Project("{FAE04EC0-301F-11D3-BF4B-00C04F79EFBC}") = "ExtensionMethods", "ExtensionMethods\ExtensionMethods.csproj", "{904506C3-79DA-43E5-BDD4-E7197B89F2CB}"
EndProject
Global
	GlobalSection(SolutionConfigurationPlatforms) = preSolution
		Debug|Any CPU = Debug|Any CPU
		Release|Any CPU = Release|Any CPU
	EndGlobalSection
	GlobalSection(ProjectConfigurationPlatforms) = postSolution
		{DAE0238E-4F27-4835-BA43-30571EF262A0}.Debug|Any CPU.ActiveCfg = Debug|Any CPU
		{DAE0238E-4F27-4835-BA43-30571EF262A0}.Debug|Any CPU.Build.0 = Debug|Any CPU
		{DAE0238E-4F27-4835-BA43-30571EF262A0}.Release|Any CPU.ActiveCfg = Release|Any CPU
		{DAE0238E-4F27-4835-BA43-30571EF262A0}.Release|Any CPU.Build.0 = Release|Any CPU
		{9CAD927E-DD06-47C0-9C28-64FCFED75F31}.Debug|Any CPU.ActiveCfg = Debug|Any CPU
		{9CAD927E-DD06-47C0-9C28-64FCFED75F31}.Debug|Any CPU.Build.0 = Debug|Any CPU
		{9CAD927E-DD06-47C0-9C28-64FCFED75F31}.Release|Any CPU.ActiveCfg = Release|Any CPU
		{9CAD927E-DD06-47C0-9C28-64FCFED75F31}.Release|Any CPU.Build.0 = Release|Any CPU
		{904506C3-79DA-43E5-BDD4-E7197B89F2CB}.Debug|Any CPU.ActiveCfg = Debug|Any CPU
		{904506C3-79DA-43E5-BDD4-E7197B89F2CB}.Debug|Any CPU.Build.0 = Debug|Any CPU
		{904506C3-79DA-43E5-BDD4-E7197B89F2CB}.Release|Any CPU.ActiveCfg = Release|Any CPU
		{904506C3-79DA-43E5-BDD4-E7197B89F2CB}.Release|Any CPU.Build.0 = Release|Any CPU
	EndGlobalSection
	GlobalSection(SolutionProperties) = preSolution
		HideSolutionNode = FALSE
	EndGlobalSection
	GlobalSection(ExtensibilityGlobals) = postSolution
		SolutionGuid = {AAE556DF-6500-4800-9845-B903550AAB73}
	EndGlobalSection
EndGlobal
